{
  "name": "civicconnect-monorepo",
  "version": "2.4.0",
  "lockfileVersion": 3,
  "requires": true,
  "packages": {
    "": {
      "name": "civicconnect-monorepo",
      "version": "2.4.0",
      "license": "UNLICENSED",
      "devDependencies": {
        "concurrently": "^8.2.2"
      },
      "workspaces": [
        "web"
      ]
    },
    "node_modules/concurrently": {
      "version": "8.2.2",
      "resolved": "https://registry.npmjs.org/concurrently/-/concurrently-8.2.2.tgz",
      "integrity": "sha512-1dP45LeVA544UoxUMYs66MwAt2qCmLcnSi1tHUql6PBP40bG9bEN3L7bP63WveNJOQR0BQhStb0jTeT63KV00g==",
      "dev": true
    }
  }
}
